// !$*UTF8*$!
{
	archiveVersion = 1;
	classes = {
	};
	objectVersion = 56;
	objects = {

/* Begin PBXBuildFile section */
		8D4C07A42D7695BB003BBC48 /* Caroons_DevApp.swift in Sources */ = {isa = PBXBuildFile; fileRef = 8D4C07A32D7695BB003BBC48 /* Caroons_DevApp.swift */; };
		8D4C07A62D7695BB003BBC48 /* ContentView.swift in Sources */ = {isa = PBXBuildFile; fileRef = 8D4C07A52D7695BB003BBC48 /* ContentView.swift */; };
		8D4C07A82D7695BE003BBC48 /* Assets.xcassets in Resources */ = {isa = PBXBuildFile; fileRef = 8D4C07A72D7695BE003BBC48 /* Assets.xcassets */; };
		8D4C07AB2D7695BE003BBC48 /* Preview Assets.xcassets in Resources */ = {isa = PBXBuildFile; fileRef = 8D4C07AA2D7695BE003BBC48 /* Preview Assets.xcassets */; };
		8D4C07AD2D7695BE003BBC48 /* Persistence.swift in Sources */ = {isa = PBXBuildFile; fileRef = 8D4C07AC2D7695BE003BBC48 /* Persistence.swift */; };
		8D4C07B02D7695BE003BBC48 /* Caroons_Dev.xcdatamodeld in Sources */ = {isa = PBXBuildFile; fileRef = 8D4C07AE2D7695BE003BBC48 /* Caroons_Dev.xcdatamodeld */; };
		8D4C07BE2D7697F5003BBC48 /* RootView.swift in Sources */ = {isa = PBXBuildFile; fileRef = 8D4C07BD2D7697F5003BBC48 /* RootView.swift */; };
		8D4C07C12D769A6C003BBC48 /* OnboardingView.swift in Sources */ = {isa = PBXBuildFile; fileRef = 8D4C07C02D769A6C003BBC48 /* OnboardingView.swift */; };
		8D4C07C32D769ACB003BBC48 /* MyButton.swift in Sources */ = {isa = PBXBuildFile; fileRef = 8D4C07C22D769ACB003BBC48 /* MyButton.swift */; };
		8D4C07C52D769B45003BBC48 /* MyTag.swift in Sources */ = {isa = PBXBuildFile; fileRef = 8D4C07C42D769B45003BBC48 /* MyTag.swift */; };
		8D4C07C72D769BC5003BBC48 /* MyTextField.swift in Sources */ = {isa = PBXBuildFile; fileRef = 8D4C07C62D769BC5003BBC48 /* MyTextField.swift */; };
		8D50E0D12D76C01C00B2FEF6 /* MyButtonNav.swift in Sources */ = {isa = PBXBuildFile; fileRef = 8D50E0D02D76C01C00B2FEF6 /* MyButtonNav.swift */; };
		8D50E0D82D76C0C600B2FEF6 /* HomeView.swift in Sources */ = {isa = PBXBuildFile; fileRef = 8D50E0D72D76C0C600B2FEF6 /* HomeView.swift */; };
		8D50E0DA2D76C0D000B2FEF6 /* ExploreView.swift in Sources */ = {isa = PBXBuildFile; fileRef = 8D50E0D92D76C0D000B2FEF6 /* ExploreView.swift */; };
		8D50E0DC2D76C0DD00B2FEF6 /* ProfileView.swift in Sources */ = {isa = PBXBuildFile; fileRef = 8D50E0DB2D76C0DD00B2FEF6 /* ProfileView.swift */; };
		8D50E0DF2D76C23600B2FEF6 /* NotificationView.swift in Sources */ = {isa = PBXBuildFile; fileRef = 8D50E0DE2D76C23600B2FEF6 /* NotificationView.swift */; };
/* End PBXBuildFile section */

/* Begin PBXFileReference section */
		8D4C07A02D7695BB003BBC48 /* Caroons Dev.app */ = {isa = PBXFileReference; explicitFileType = wrapper.application; includeInIndex = 0; path = "Caroons Dev.app"; sourceTree = BUILT_PRODUCTS_DIR; };
		8D4C07A32D7695BB003BBC48 /* Caroons_DevApp.swift */ = {isa = PBXFileReference; lastKnownFileType = sourcecode.swift; path = Caroons_DevApp.swift; sourceTree = "<group>"; };
		8D4C07A52D7695BB003BBC48 /* ContentView.swift */ = {isa = PBXFileReference; lastKnownFileType = sourcecode.swift; path = ContentView.swift; sourceTree = "<group>"; };
		8D4C07A72D7695BE003BBC48 /* Assets.xcassets */ = {isa = PBXFileReference; lastKnownFileType = folder.assetcatalog; path = Assets.xcassets; sourceTree = "<group>"; };
		8D4C07AA2D7695BE003BBC48 /* Preview Assets.xcassets */ = {isa = PBXFileReference; lastKnownFileType = folder.assetcatalog; path = "Preview Assets.xcassets"; sourceTree = "<group>"; };
		8D4C07AC2D7695BE003BBC48 /* Persistence.swift */ = {isa = PBXFileReference; lastKnownFileType = sourcecode.swift; path = Persistence.swift; sourceTree = "<group>"; };
		8D4C07AF2D7695BE003BBC48 /* Caroons_Dev.xcdatamodel */ = {isa = PBXFileReference; lastKnownFileType = wrapper.xcdatamodel; path = Caroons_Dev.xcdatamodel; sourceTree = "<group>"; };
		8D4C07BD2D7697F5003BBC48 /* RootView.swift */ = {isa = PBXFileReference; lastKnownFileType = sourcecode.swift; path = RootView.swift; sourceTree = "<group>"; };
		8D4C07C02D769A6C003BBC48 /* OnboardingView.swift */ = {isa = PBXFileReference; lastKnownFileType = sourcecode.swift; path = OnboardingView.swift; sourceTree = "<group>"; };
		8D4C07C22D769ACB003BBC48 /* MyButton.swift */ = {isa = PBXFileReference; lastKnownFileType = sourcecode.swift; path = MyButton.swift; sourceTree = "<group>"; };
		8D4C07C42D769B45003BBC48 /* MyTag.swift */ = {isa = PBXFileReference; lastKnownFileType = sourcecode.swift; path = MyTag.swift; sourceTree = "<group>"; };
		8D4C07C62D769BC5003BBC48 /* MyTextField.swift */ = {isa = PBXFileReference; lastKnownFileType = sourcecode.swift; path = MyTextField.swift; sourceTree = "<group>"; };
		8D50E0D02D76C01C00B2FEF6 /* MyButtonNav.swift */ = {isa = PBXFileReference; lastKnownFileType = sourcecode.swift; path = MyButtonNav.swift; sourceTree = "<group>"; };
		8D50E0D72D76C0C600B2FEF6 /* HomeView.swift */ = {isa = PBXFileReference; lastKnownFileType = sourcecode.swift; path = HomeView.swift; sourceTree = "<group>"; };
		8D50E0D92D76C0D000B2FEF6 /* ExploreView.swift */ = {isa = PBXFileReference; lastKnownFileType = sourcecode.swift; path = ExploreView.swift; sourceTree = "<group>"; };
		8D50E0DB2D76C0DD00B2FEF6 /* ProfileView.swift */ = {isa = PBXFileReference; lastKnownFileType = sourcecode.swift; path = ProfileView.swift; sourceTree = "<group>"; };
		8D50E0DE2D76C23600B2FEF6 /* NotificationView.swift */ = {isa = PBXFileReference; lastKnownFileType = sourcecode.swift; path = NotificationView.swift; sourceTree = "<group>"; };
/* End PBXFileReference section */

/* Begin PBXFrameworksBuildPhase section */
		8D4C079D2D7695BB003BBC48 /* Frameworks */ = {
			isa = PBXFrameworksBuildPhase;
			buildActionMask = 2147483647;
			files = (
			);
			runOnlyForDeploymentPostprocessing = 0;
		};
/* End PBXFrameworksBuildPhase section */

/* Begin PBXGroup section */
		8D4C07972D7695BA003BBC48 = {
			isa = PBXGroup;
			children = (
				8D4C07A22D7695BB003BBC48 /* Caroons Dev */,
				8D4C07A12D7695BB003BBC48 /* Products */,
			);
			sourceTree = "<group>";
		};
		8D4C07A12D7695BB003BBC48 /* Products */ = {
			isa = PBXGroup;
			children = (
				8D4C07A02D7695BB003BBC48 /* Caroons Dev.app */,
			);
			name = Products;
			sourceTree = "<group>";
		};
		8D4C07A22D7695BB003BBC48 /* Caroons Dev */ = {
			isa = PBXGroup;
			children = (
				8D4C07BC2D769756003BBC48 /* Components */,
				8D4C07BA2D76973E003BBC48 /* Utils */,
				8D4C07B62D7696C0003BBC48 /* Views */,
				8D4C07A32D7695BB003BBC48 /* Caroons_DevApp.swift */,
				8D4C07A52D7695BB003BBC48 /* ContentView.swift */,
				8D4C07BD2D7697F5003BBC48 /* RootView.swift */,
				8D4C07A72D7695BE003BBC48 /* Assets.xcassets */,
				8D4C07AC2D7695BE003BBC48 /* Persistence.swift */,
				8D4C07AE2D7695BE003BBC48 /* Caroons_Dev.xcdatamodeld */,
				8D4C07A92D7695BE003BBC48 /* Preview Content */,
			);
			path = "Caroons Dev";
			sourceTree = "<group>";
		};
		8D4C07A92D7695BE003BBC48 /* Preview Content */ = {
			isa = PBXGroup;
			children = (
				8D4C07AA2D7695BE003BBC48 /* Preview Assets.xcassets */,
			);
			path = "Preview Content";
			sourceTree = "<group>";
		};
		8D4C07B62D7696C0003BBC48 /* Views */ = {
			isa = PBXGroup;
			children = (
				8D50E0DD2D76C21400B2FEF6 /* Notification */,
				8D50E0D62D76C05100B2FEF6 /* Post */,
				8D50E0D42D76C04000B2FEF6 /* Profile */,
				8D50E0D32D76C03900B2FEF6 /* Explore */,
				8D50E0D22D76C02600B2FEF6 /* Home */,
				8D4C07B72D76970F003BBC48 /* Auth */,
				8D4C07C02D769A6C003BBC48 /* OnboardingView.swift */,
			);
			path = Views;
			sourceTree = "<group>";
		};
		8D4C07B72D76970F003BBC48 /* Auth */ = {
			isa = PBXGroup;
			children = (
			);
			path = Auth;
			sourceTree = "<group>";
		};
		8D4C07BA2D76973E003BBC48 /* Utils */ = {
			isa = PBXGroup;
			children = (
				8D4C07BF2D769873003BBC48 /* Services */,
				8D4C07BB2D76974B003BBC48 /* Extensions */,
			);
			path = Utils;
			sourceTree = "<group>";
		};
		8D4C07BB2D76974B003BBC48 /* Extensions */ = {
			isa = PBXGroup;
			children = (
			);
			path = Extensions;
			sourceTree = "<group>";
		};
		8D4C07BC2D769756003BBC48 /* Components */ = {
			isa = PBXGroup;
			children = (
				8D50E0CF2D76C00900B2FEF6 /* Navigation */,
				8D4C07C22D769ACB003BBC48 /* MyButton.swift */,
				8D4C07C42D769B45003BBC48 /* MyTag.swift */,
				8D4C07C62D769BC5003BBC48 /* MyTextField.swift */,
			);
			path = Components;
			sourceTree = "<group>";
		};
		8D4C07BF2D769873003BBC48 /* Services */ = {
			isa = PBXGroup;
			children = (
			);
			path = Services;
			sourceTree = "<group>";
		};
		8D50E0CF2D76C00900B2FEF6 /* Navigation */ = {
			isa = PBXGroup;
			children = (
				8D50E0D02D76C01C00B2FEF6 /* MyButtonNav.swift */,
			);
			path = Navigation;
			sourceTree = "<group>";
		};
		8D50E0D22D76C02600B2FEF6 /* Home */ = {
			isa = PBXGroup;
			children = (
				8D50E0D72D76C0C600B2FEF6 /* HomeView.swift */,
			);
			path = Home;
			sourceTree = "<group>";
		};
		8D50E0D32D76C03900B2FEF6 /* Explore */ = {
			isa = PBXGroup;
			children = (
				8D50E0D92D76C0D000B2FEF6 /* ExploreView.swift */,
			);
			path = Explore;
			sourceTree = "<group>";
		};
		8D50E0D42D76C04000B2FEF6 /* Profile */ = {
			isa = PBXGroup;
			children = (
				8D50E0D52D76C04900B2FEF6 /* EditProfile */,
				8D50E0DB2D76C0DD00B2FEF6 /* ProfileView.swift */,
			);
			path = Profile;
			sourceTree = "<group>";
		};
		8D50E0D52D76C04900B2FEF6 /* EditProfile */ = {
			isa = PBXGroup;
			children = (
			);
			path = EditProfile;
			sourceTree = "<group>";
		};
		8D50E0D62D76C05100B2FEF6 /* Post */ = {
			isa = PBXGroup;
			children = (
			);
			path = Post;
			sourceTree = "<group>";
		};
		8D50E0DD2D76C21400B2FEF6 /* Notification */ = {
			isa = PBXGroup;
			children = (
				8D50E0DE2D76C23600B2FEF6 /* NotificationView.swift */,
			);
			path = Notification;
			sourceTree = "<group>";
		};
/* End PBXGroup section */

/* Begin PBXNativeTarget section */
		8D4C079F2D7695BB003BBC48 /* Caroons Dev */ = {
			isa = PBXNativeTarget;
			buildConfigurationList = 8D4C07B32D7695BE003BBC48 /* Build configuration list for PBXNativeTarget "Caroons Dev" */;
			buildPhases = (
				8D4C079C2D7695BB003BBC48 /* Sources */,
				8D4C079D2D7695BB003BBC48 /* Frameworks */,
				8D4C079E2D7695BB003BBC48 /* Resources */,
			);
			buildRules = (
			);
			dependencies = (
			);
			name = "Caroons Dev";
			productName = "Caroons Dev";
			productReference = 8D4C07A02D7695BB003BBC48 /* Caroons Dev.app */;
			productType = "com.apple.product-type.application";
		};
/* End PBXNativeTarget section */

/* Begin PBXProject section */
		8D4C07982D7695BA003BBC48 /* Project object */ = {
			isa = PBXProject;
			attributes = {
				BuildIndependentTargetsInParallel = 1;
				LastSwiftUpdateCheck = 1500;
				LastUpgradeCheck = 1500;
				TargetAttributes = {
					8D4C079F2D7695BB003BBC48 = {
						CreatedOnToolsVersion = 15.0.1;
					};
				};
			};
			buildConfigurationList = 8D4C079B2D7695BA003BBC48 /* Build configuration list for PBXProject "Caroons Dev" */;
			compatibilityVersion = "Xcode 14.0";
			developmentRegion = en;
			hasScannedForEncodings = 0;
			knownRegions = (
				en,
				Base,
			);
			mainGroup = 8D4C07972D7695BA003BBC48;
			productRefGroup = 8D4C07A12D7695BB003BBC48 /* Products */;
			projectDirPath = "";
			projectRoot = "";
			targets = (
				8D4C079F2D7695BB003BBC48 /* Caroons Dev */,
			);
		};
/* End PBXProject section */

/* Begin PBXResourcesBuildPhase section */
		8D4C079E2D7695BB003BBC48 /* Resources */ = {
			isa = PBXResourcesBuildPhase;
			buildActionMask = 2147483647;
			files = (
				8D4C07AB2D7695BE003BBC48 /* Preview Assets.xcassets in Resources */,
				8D4C07A82D7695BE003BBC48 /* Assets.xcassets in Resources */,
			);
			runOnlyForDeploymentPostprocessing = 0;
		};
/* End PBXResourcesBuildPhase section */

/* Begin PBXSourcesBuildPhase section */
		8D4C079C2D7695BB003BBC48 /* Sources */ = {
			isa = PBXSourcesBuildPhase;
			buildActionMask = 2147483647;
			files = (
				8D4C07C52D769B45003BBC48 /* MyTag.swift in Sources */,
				8D50E0DC2D76C0DD00B2FEF6 /* ProfileView.swift in Sources */,
				8D50E0D12D76C01C00B2FEF6 /* MyButtonNav.swift in Sources */,
				8D4C07AD2D7695BE003BBC48 /* Persistence.swift in Sources */,
				8D4C07C32D769ACB003BBC48 /* MyButton.swift in Sources */,
				8D4C07C72D769BC5003BBC48 /* MyTextField.swift in Sources */,
				8D50E0D82D76C0C600B2FEF6 /* HomeView.swift in Sources */,
				8D4C07A62D7695BB003BBC48 /* ContentView.swift in Sources */,
				8D4C07A42D7695BB003BBC48 /* Caroons_DevApp.swift in Sources */,
				8D50E0DF2D76C23600B2FEF6 /* NotificationView.swift in Sources */,
				8D4C07C12D769A6C003BBC48 /* OnboardingView.swift in Sources */,
				8D4C07B02D7695BE003BBC48 /* Caroons_Dev.xcdatamodeld in Sources */,
				8D50E0DA2D76C0D000B2FEF6 /* ExploreView.swift in Sources */,
				8D4C07BE2D7697F5003BBC48 /* RootView.swift in Sources */,
			);
			runOnlyForDeploymentPostprocessing = 0;
		};
/* End PBXSourcesBuildPhase section */

/* Begin XCBuildConfiguration section */
		8D4C07B12D7695BE003BBC48 /* Debug */ = {
			isa = XCBuildConfiguration;
			buildSettings = {
				ALWAYS_SEARCH_USER_PATHS = NO;
				ASSETCATALOG_COMPILER_GENERATE_SWIFT_ASSET_SYMBOL_EXTENSIONS = YES;
				CLANG_ANALYZER_NONNULL = YES;
				CLANG_ANALYZER_NUMBER_OBJECT_CONVERSION = YES_AGGRESSIVE;
				CLANG_CXX_LANGUAGE_STANDARD = "gnu++20";
				CLANG_ENABLE_MODULES = YES;
				CLANG_ENABLE_OBJC_ARC = YES;
				CLANG_ENABLE_OBJC_WEAK = YES;
				CLANG_WARN_BLOCK_CAPTURE_AUTORELEASING = YES;
				CLANG_WARN_BOOL_CONVERSION = YES;
				CLANG_WARN_COMMA = YES;
				CLANG_WARN_CONSTANT_CONVERSION = YES;
				CLANG_WARN_DEPRECATED_OBJC_IMPLEMENTATIONS = YES;
				CLANG_WARN_DIRECT_OBJC_ISA_USAGE = YES_ERROR;
				CLANG_WARN_DOCUMENTATION_COMMENTS = YES;
				CLANG_WARN_EMPTY_BODY = YES;
				CLANG_WARN_ENUM_CONVERSION = YES;
				CLANG_WARN_INFINITE_RECURSION = YES;
				CLANG_WARN_INT_CONVERSION = YES;
				CLANG_WARN_NON_LITERAL_NULL_CONVERSION = YES;
				CLANG_WARN_OBJC_IMPLICIT_RETAIN_SELF = YES;
				CLANG_WARN_OBJC_LITERAL_CONVERSION = YES;
				CLANG_WARN_OBJC_ROOT_CLASS = YES_ERROR;
				CLANG_WARN_QUOTED_INCLUDE_IN_FRAMEWORK_HEADER = YES;
				CLANG_WARN_RANGE_LOOP_ANALYSIS = YES;
				CLANG_WARN_STRICT_PROTOTYPES = YES;
				CLANG_WARN_SUSPICIOUS_MOVE = YES;
				CLANG_WARN_UNGUARDED_AVAILABILITY = YES_AGGRESSIVE;
				CLANG_WARN_UNREACHABLE_CODE = YES;
				CLANG_WARN__DUPLICATE_METHOD_MATCH = YES;
				COPY_PHASE_STRIP = NO;
				DEBUG_INFORMATION_FORMAT = dwarf;
				ENABLE_STRICT_OBJC_MSGSEND = YES;
				ENABLE_TESTABILITY = YES;
				ENABLE_USER_SCRIPT_SANDBOXING = YES;
				GCC_C_LANGUAGE_STANDARD = gnu17;
				GCC_DYNAMIC_NO_PIC = NO;
				GCC_NO_COMMON_BLOCKS = YES;
				GCC_OPTIMIZATION_LEVEL = 0;
				GCC_PREPROCESSOR_DEFINITIONS = (
					"DEBUG=1",
					"$(inherited)",
				);
				GCC_WARN_64_TO_32_BIT_CONVERSION = YES;
				GCC_WARN_ABOUT_RETURN_TYPE = YES_ERROR;
				GCC_WARN_UNDECLARED_SELECTOR = YES;
				GCC_WARN_UNINITIALIZED_AUTOS = YES_AGGRESSIVE;
				GCC_WARN_UNUSED_FUNCTION = YES;
				GCC_WARN_UNUSED_VARIABLE = YES;
				IPHONEOS_DEPLOYMENT_TARGET = 17.0;
				LOCALIZATION_PREFERS_STRING_CATALOGS = YES;
				MTL_ENABLE_DEBUG_INFO = INCLUDE_SOURCE;
				MTL_FAST_MATH = YES;
				ONLY_ACTIVE_ARCH = YES;
				SDKROOT = iphoneos;
				SWIFT_ACTIVE_COMPILATION_CONDITIONS = "DEBUG $(inherited)";
				SWIFT_OPTIMIZATION_LEVEL = "-Onone";
			};
			name = Debug;
		};
		8D4C07B22D7695BE003BBC48 /* Release */ = {
			isa = XCBuildConfiguration;
			buildSettings = {
				ALWAYS_SEARCH_USER_PATHS = NO;
				ASSETCATALOG_COMPILER_GENERATE_SWIFT_ASSET_SYMBOL_EXTENSIONS = YES;
				CLANG_ANALYZER_NONNULL = YES;
				CLANG_ANALYZER_NUMBER_OBJECT_CONVERSION = YES_AGGRESSIVE;
				CLANG_CXX_LANGUAGE_STANDARD = "gnu++20";
				CLANG_ENABLE_MODULES = YES;
				CLANG_ENABLE_OBJC_ARC = YES;
				CLANG_ENABLE_OBJC_WEAK = YES;
				CLANG_WARN_BLOCK_CAPTURE_AUTORELEASING = YES;
				CLANG_WARN_BOOL_CONVERSION = YES;
				CLANG_WARN_COMMA = YES;
				CLANG_WARN_CONSTANT_CONVERSION = YES;
				CLANG_WARN_DEPRECATED_OBJC_IMPLEMENTATIONS = YES;
				CLANG_WARN_DIRECT_OBJC_ISA_USAGE = YES_ERROR;
				CLANG_WARN_DOCUMENTATION_COMMENTS = YES;
				CLANG_WARN_EMPTY_BODY = YES;
				CLANG_WARN_ENUM_CONVERSION = YES;
				CLANG_WARN_INFINITE_RECURSION = YES;
				CLANG_WARN_INT_CONVERSION = YES;
				CLANG_WARN_NON_LITERAL_NULL_CONVERSION = YES;
				CLANG_WARN_OBJC_IMPLICIT_RETAIN_SELF = YES;
				CLANG_WARN_OBJC_LITERAL_CONVERSION = YES;
				CLANG_WARN_OBJC_ROOT_CLASS = YES_ERROR;
				CLANG_WARN_QUOTED_INCLUDE_IN_FRAMEWORK_HEADER = YES;
				CLANG_WARN_RANGE_LOOP_ANALYSIS = YES;
				CLANG_WARN_STRICT_PROTOTYPES = YES;
				CLANG_WARN_SUSPICIOUS_MOVE = YES;
				CLANG_WARN_UNGUARDED_AVAILABILITY = YES_AGGRESSIVE;
				CLANG_WARN_UNREACHABLE_CODE = YES;
				CLANG_WARN__DUPLICATE_METHOD_MATCH = YES;
				COPY_PHASE_STRIP = NO;
				DEBUG_INFORMATION_FORMAT = "dwarf-with-dsym";
				ENABLE_NS_ASSERTIONS = NO;
				ENABLE_STRICT_OBJC_MSGSEND = YES;
				ENABLE_USER_SCRIPT_SANDBOXING = YES;
				GCC_C_LANGUAGE_STANDARD = gnu17;
				GCC_NO_COMMON_BLOCKS = YES;
				GCC_WARN_64_TO_32_BIT_CONVERSION = YES;
				GCC_WARN_ABOUT_RETURN_TYPE = YES_ERROR;
				GCC_WARN_UNDECLARED_SELECTOR = YES;
				GCC_WARN_UNINITIALIZED_AUTOS = YES_AGGRESSIVE;
				GCC_WARN_UNUSED_FUNCTION = YES;
				GCC_WARN_UNUSED_VARIABLE = YES;
				IPHONEOS_DEPLOYMENT_TARGET = 17.0;
				LOCALIZATION_PREFERS_STRING_CATALOGS = YES;
				MTL_ENABLE_DEBUG_INFO = NO;
				MTL_FAST_MATH = YES;
				SDKROOT = iphoneos;
				SWIFT_COMPILATION_MODE = wholemodule;
				VALIDATE_PRODUCT = YES;
			};
			name = Release;
		};
		8D4C07B42D7695BE003BBC48 /* Debug */ = {
			isa = XCBuildConfiguration;
			buildSettings = {
				ASSETCATALOG_COMPILER_APPICON_NAME = AppIcon;
				ASSETCATALOG_COMPILER_GLOBAL_ACCENT_COLOR_NAME = AccentColor;
				CODE_SIGN_STYLE = Automatic;
				CURRENT_PROJECT_VERSION = 1;
				DEVELOPMENT_ASSET_PATHS = "\"Caroons Dev/Preview Content\"";
				DEVELOPMENT_TEAM = MD4799W7K8;
				ENABLE_PREVIEWS = YES;
				GENERATE_INFOPLIST_FILE = YES;
				INFOPLIST_KEY_UIApplicationSceneManifest_Generation = YES;
				INFOPLIST_KEY_UIApplicationSupportsIndirectInputEvents = YES;
				INFOPLIST_KEY_UILaunchScreen_Generation = YES;
				INFOPLIST_KEY_UISupportedInterfaceOrientations_iPad = "UIInterfaceOrientationPortrait UIInterfaceOrientationPortraitUpsideDown UIInterfaceOrientationLandscapeLeft UIInterfaceOrientationLandscapeRight";
				INFOPLIST_KEY_UISupportedInterfaceOrientations_iPhone = "UIInterfaceOrientationPortrait UIInterfaceOrientationLandscapeLeft UIInterfaceOrientationLandscapeRight";
				LD_RUNPATH_SEARCH_PATHS = (
					"$(inherited)",
					"@executable_path/Frameworks",
				);
				MARKETING_VERSION = 1.0;
				PRODUCT_BUNDLE_IDENTIFIER = "com.caldera.Caroons-Dev";
				PRODUCT_NAME = "$(TARGET_NAME)";
				SWIFT_EMIT_LOC_STRINGS = YES;
				SWIFT_VERSION = 5.0;
				TARGETED_DEVICE_FAMILY = "1,2";
			};
			name = Debug;
		};
		8D4C07B52D7695BE003BBC48 /* Release */ = {
			isa = XCBuildConfiguration;
			buildSettings = {
				ASSETCATALOG_COMPILER_APPICON_NAME = AppIcon;
				ASSETCATALOG_COMPILER_GLOBAL_ACCENT_COLOR_NAME = AccentColor;
				CODE_SIGN_STYLE = Automatic;
				CURRENT_PROJECT_VERSION = 1;
				DEVELOPMENT_ASSET_PATHS = "\"Caroons Dev/Preview Content\"";
				DEVELOPMENT_TEAM = MD4799W7K8;
				ENABLE_PREVIEWS = YES;
				GENERATE_INFOPLIST_FILE = YES;
				INFOPLIST_KEY_UIApplicationSceneManifest_Generation = YES;
				INFOPLIST_KEY_UIApplicationSupportsIndirectInputEvents = YES;
				INFOPLIST_KEY_UILaunchScreen_Generation = YES;
				INFOPLIST_KEY_UISupportedInterfaceOrientations_iPad = "UIInterfaceOrientationPortrait UIInterfaceOrientationPortraitUpsideDown UIInterfaceOrientationLandscapeLeft UIInterfaceOrientationLandscapeRight";
				INFOPLIST_KEY_UISupportedInterfaceOrientations_iPhone = "UIInterfaceOrientationPortrait UIInterfaceOrientationLandscapeLeft UIInterfaceOrientationLandscapeRight";
				LD_RUNPATH_SEARCH_PATHS = (
					"$(inherited)",
					"@executable_path/Frameworks",
				);
				MARKETING_VERSION = 1.0;
				PRODUCT_BUNDLE_IDENTIFIER = "com.caldera.Caroons-Dev";
				PRODUCT_NAME = "$(TARGET_NAME)";
				SWIFT_EMIT_LOC_STRINGS = YES;
				SWIFT_VERSION = 5.0;
				TARGETED_DEVICE_FAMILY = "1,2";
			};
			name = Release;
		};
/* End XCBuildConfiguration section */

/* Begin XCConfigurationList section */
		8D4C079B2D7695BA003BBC48 /* Build configuration list for PBXProject "Caroons Dev" */ = {
			isa = XCConfigurationList;
			buildConfigurations = (
				8D4C07B12D7695BE003BBC48 /* Debug */,
				8D4C07B22D7695BE003BBC48 /* Release */,
			);
			defaultConfigurationIsVisible = 0;
			defaultConfigurationName = Release;
		};
		8D4C07B32D7695BE003BBC48 /* Build configuration list for PBXNativeTarget "Caroons Dev" */ = {
			isa = XCConfigurationList;
			buildConfigurations = (
				8D4C07B42D7695BE003BBC48 /* Debug */,
				8D4C07B52D7695BE003BBC48 /* Release */,
			);
			defaultConfigurationIsVisible = 0;
			defaultConfigurationName = Release;
		};
/* End XCConfigurationList section */

/* Begin XCVersionGroup section */
		8D4C07AE2D7695BE003BBC48 /* Caroons_Dev.xcdatamodeld */ = {
			isa = XCVersionGroup;
			children = (
				8D4C07AF2D7695BE003BBC48 /* Caroons_Dev.xcdatamodel */,
			);
			currentVersion = 8D4C07AF2D7695BE003BBC48 /* Caroons_Dev.xcdatamodel */;
			path = Caroons_Dev.xcdatamodeld;
			sourceTree = "<group>";
			versionGroupType = wrapper.xcdatamodel;
		};
/* End XCVersionGroup section */
	};
	rootObject = 8D4C07982D7695BA003BBC48 /* Project object */;
}
